
Microsoft Visual Studio Solution File, Format Version 12.00
# Visual Studio Version 17
VisualStudioVersion = 17.5.002.0
MinimumVisualStudioVersion = 10.0.40219.1
Project("{9A19103F-16F7-4668-BE54-9A1E7A4F7556}") = "TeamHubServiceProjects", "TeamHubServiceProjects.csproj", "{E42D18FE-DE01-49F2-B8F4-79207C0E737D}"
EndProject
Global
	GlobalSection(SolutionConfigurationPlatforms) = preSolution
		Debug|Any CPU = Debug|Any CPU
		Release|Any CPU = Release|Any CPU
	EndGlobalSection
	GlobalSection(ProjectConfigurationPlatforms) = postSolution
		{E42D18FE-DE01-49F2-B8F4-79207C0E737D}.Debug|Any CPU.ActiveCfg = Debug|Any CPU
		{E42D18FE-DE01-49F2-B8F4-79207C0E737D}.Debug|Any CPU.Build.0 = Debug|Any CPU
		{E42D18FE-DE01-49F2-B8F4-79207C0E737D}.Release|Any CPU.ActiveCfg = Release|Any CPU
		{E42D18FE-DE01-49F2-B8F4-79207C0E737D}.Release|Any CPU.Build.0 = Release|Any CPU
	EndGlobalSection
	GlobalSection(SolutionProperties) = preSolution
		HideSolutionNode = FALSE
	EndGlobalSection
	GlobalSection(ExtensibilityGlobals) = postSolution
		SolutionGuid = {39CDB55D-AF57-46F0-BF36-EA4C36ADA153}
	EndGlobalSection
EndGlobal
